
Microsoft Visual Studio Solution File, Format Version 12.00
# Visual Studio Version 16
VisualStudioVersion = 16.0.809.4
MinimumVisualStudioVersion = 10.0.40219.1
Project("{FAE04EC0-301F-11D3-BF4B-00C04F79EFBC}") = "OperatorsExercise", "OperatorsExercise\OperatorsExercise.csproj", "{64F58039-1E1D-49E1-8309-E828F6CED987}"
EndProject
Global
	GlobalSection(SolutionConfigurationPlatforms) = preSolution
		Debug|Any CPU = Debug|Any CPU
		Release|Any CPU = Release|Any CPU
	EndGlobalSection
	GlobalSection(ProjectConfigurationPlatforms) = postSolution
		{64F58039-1E1D-49E1-8309-E828F6CED987}.Debug|Any CPU.ActiveCfg = Debug|Any CPU
		{64F58039-1E1D-49E1-8309-E828F6CED987}.Debug|Any CPU.Build.0 = Debug|Any CPU
		{64F58039-1E1D-49E1-8309-E828F6CED987}.Release|Any CPU.ActiveCfg = Release|Any CPU
		{64F58039-1E1D-49E1-8309-E828F6CED987}.Release|Any CPU.Build.0 = Release|Any CPU
	EndGlobalSection
	GlobalSection(SolutionProperties) = preSolution
		HideSolutionNode = FALSE
	EndGlobalSection
	GlobalSection(ExtensibilityGlobals) = postSolution
		SolutionGuid = {09586E59-AAFB-4AFD-AA0F-079A530E51DB}
	EndGlobalSection
EndGlobal
